
Microsoft Visual Studio Solution File, Format Version 12.00
# Visual Studio Version 17
VisualStudioVersion = 17.1.32210.238
MinimumVisualStudioVersion = 10.0.40219.1
Project("{FAE04EC0-301F-11D3-BF4B-00C04F79EFBC}") = "Day3", "Day3\Day3.csproj", "{B418CCA3-A11A-451C-9B59-5AD6A8413E5F}"
EndProject
Global
	GlobalSection(SolutionConfigurationPlatforms) = preSolution
		Debug|Any CPU = Debug|Any CPU
		Release|Any CPU = Release|Any CPU
	EndGlobalSection
	GlobalSection(ProjectConfigurationPlatforms) = postSolution
		{B418CCA3-A11A-451C-9B59-5AD6A8413E5F}.Debug|Any CPU.ActiveCfg = Debug|Any CPU
		{B418CCA3-A11A-451C-9B59-5AD6A8413E5F}.Debug|Any CPU.Build.0 = Debug|Any CPU
		{B418CCA3-A11A-451C-9B59-5AD6A8413E5F}.Release|Any CPU.ActiveCfg = Release|Any CPU
		{B418CCA3-A11A-451C-9B59-5AD6A8413E5F}.Release|Any CPU.Build.0 = Release|Any CPU
	EndGlobalSection
	GlobalSection(SolutionProperties) = preSolution
		HideSolutionNode = FALSE
	EndGlobalSection
	GlobalSection(ExtensibilityGlobals) = postSolution
		SolutionGuid = {C9CBEBE9-D00D-4840-B81A-70AA694C61DB}
	EndGlobalSection
EndGlobal
